// !$*UTF8*$!
{
	archiveVersion = 1;
	classes = {
	};
	objectVersion = 56;
	objects = {

/* Begin PBXBuildFile section */
		8ADD4CF72C50683900ADE74E /* SouceLinkView.swift in Sources */ = {isa = PBXBuildFile; fileRef = 8ADD4CF62C50683900ADE74E /* SouceLinkView.swift */; };
		8AEDAB6F2C3F436700485003 /* FructusApp.swift in Sources */ = {isa = PBXBuildFile; fileRef = 8AEDAB6E2C3F436700485003 /* FructusApp.swift */; };
		8AEDAB712C3F436700485003 /* ContentView.swift in Sources */ = {isa = PBXBuildFile; fileRef = 8AEDAB702C3F436700485003 /* ContentView.swift */; };
		8AEDAB732C3F436A00485003 /* Assets.xcassets in Resources */ = {isa = PBXBuildFile; fileRef = 8AEDAB722C3F436A00485003 /* Assets.xcassets */; };
		8AEDAB762C3F436A00485003 /* Preview Assets.xcassets in Resources */ = {isa = PBXBuildFile; fileRef = 8AEDAB752C3F436A00485003 /* Preview Assets.xcassets */; };
		8AEDAB7F2C45286D00485003 /* FruitCardView.swift in Sources */ = {isa = PBXBuildFile; fileRef = 8AEDAB7E2C45286C00485003 /* FruitCardView.swift */; };
		8AEDAB812C45D61E00485003 /* StartButtonView.swift in Sources */ = {isa = PBXBuildFile; fileRef = 8AEDAB802C45D61E00485003 /* StartButtonView.swift */; };
		8AEDAB832C45DA2E00485003 /* OnboardingView.swift in Sources */ = {isa = PBXBuildFile; fileRef = 8AEDAB822C45DA2E00485003 /* OnboardingView.swift */; };
		8AEDAB862C45DC2800485003 /* FruitModel.swift in Sources */ = {isa = PBXBuildFile; fileRef = 8AEDAB852C45DC2800485003 /* FruitModel.swift */; };
		8AEDAB892C47D85900485003 /* FruitData.swift in Sources */ = {isa = PBXBuildFile; fileRef = 8AEDAB882C47D85900485003 /* FruitData.swift */; };
		8AEDAB8B2C4DC26800485003 /* FruitRowView.swift in Sources */ = {isa = PBXBuildFile; fileRef = 8AEDAB8A2C4DC26800485003 /* FruitRowView.swift */; };
		8AEDAB8D2C4F11CA00485003 /* FruitDetailView.swift in Sources */ = {isa = PBXBuildFile; fileRef = 8AEDAB8C2C4F11CA00485003 /* FruitDetailView.swift */; };
		8AEDAB8F2C4F158500485003 /* FruitHeaderView.swift in Sources */ = {isa = PBXBuildFile; fileRef = 8AEDAB8E2C4F158500485003 /* FruitHeaderView.swift */; };
/* End PBXBuildFile section */

/* Begin PBXFileReference section */
		8ADD4CF62C50683900ADE74E /* SouceLinkView.swift */ = {isa = PBXFileReference; lastKnownFileType = sourcecode.swift; path = SouceLinkView.swift; sourceTree = "<group>"; };
		8AEDAB6B2C3F436700485003 /* Fructus.app */ = {isa = PBXFileReference; explicitFileType = wrapper.application; includeInIndex = 0; path = Fructus.app; sourceTree = BUILT_PRODUCTS_DIR; };
		8AEDAB6E2C3F436700485003 /* FructusApp.swift */ = {isa = PBXFileReference; lastKnownFileType = sourcecode.swift; path = FructusApp.swift; sourceTree = "<group>"; };
		8AEDAB702C3F436700485003 /* ContentView.swift */ = {isa = PBXFileReference; lastKnownFileType = sourcecode.swift; path = ContentView.swift; sourceTree = "<group>"; };
		8AEDAB722C3F436A00485003 /* Assets.xcassets */ = {isa = PBXFileReference; lastKnownFileType = folder.assetcatalog; path = Assets.xcassets; sourceTree = "<group>"; };
		8AEDAB752C3F436A00485003 /* Preview Assets.xcassets */ = {isa = PBXFileReference; lastKnownFileType = folder.assetcatalog; path = "Preview Assets.xcassets"; sourceTree = "<group>"; };
		8AEDAB7E2C45286C00485003 /* FruitCardView.swift */ = {isa = PBXFileReference; lastKnownFileType = sourcecode.swift; path = FruitCardView.swift; sourceTree = "<group>"; };
		8AEDAB802C45D61E00485003 /* StartButtonView.swift */ = {isa = PBXFileReference; lastKnownFileType = sourcecode.swift; path = StartButtonView.swift; sourceTree = "<group>"; };
		8AEDAB822C45DA2E00485003 /* OnboardingView.swift */ = {isa = PBXFileReference; lastKnownFileType = sourcecode.swift; path = OnboardingView.swift; sourceTree = "<group>"; };
		8AEDAB852C45DC2800485003 /* FruitModel.swift */ = {isa = PBXFileReference; lastKnownFileType = sourcecode.swift; path = FruitModel.swift; sourceTree = "<group>"; };
		8AEDAB882C47D85900485003 /* FruitData.swift */ = {isa = PBXFileReference; lastKnownFileType = sourcecode.swift; path = FruitData.swift; sourceTree = "<group>"; };
		8AEDAB8A2C4DC26800485003 /* FruitRowView.swift */ = {isa = PBXFileReference; lastKnownFileType = sourcecode.swift; path = FruitRowView.swift; sourceTree = "<group>"; };
		8AEDAB8C2C4F11CA00485003 /* FruitDetailView.swift */ = {isa = PBXFileReference; lastKnownFileType = sourcecode.swift; path = FruitDetailView.swift; sourceTree = "<group>"; };
		8AEDAB8E2C4F158500485003 /* FruitHeaderView.swift */ = {isa = PBXFileReference; lastKnownFileType = sourcecode.swift; path = FruitHeaderView.swift; sourceTree = "<group>"; };
/* End PBXFileReference section */

/* Begin PBXFrameworksBuildPhase section */
		8AEDAB682C3F436700485003 /* Frameworks */ = {
			isa = PBXFrameworksBuildPhase;
			buildActionMask = 2147483647;
			files = (
			);
			runOnlyForDeploymentPostprocessing = 0;
		};
/* End PBXFrameworksBuildPhase section */

/* Begin PBXGroup section */
		8AEDAB622C3F436700485003 = {
			isa = PBXGroup;
			children = (
				8AEDAB6D2C3F436700485003 /* Fructus */,
				8AEDAB6C2C3F436700485003 /* Products */,
			);
			sourceTree = "<group>";
		};
		8AEDAB6C2C3F436700485003 /* Products */ = {
			isa = PBXGroup;
			children = (
				8AEDAB6B2C3F436700485003 /* Fructus.app */,
			);
			name = Products;
			sourceTree = "<group>";
		};
		8AEDAB6D2C3F436700485003 /* Fructus */ = {
			isa = PBXGroup;
			children = (
				8AEDAB872C47D84400485003 /* Data */,
				8AEDAB842C45DC0D00485003 /* Model */,
				8AEDAB7D2C45283B00485003 /* View */,
				8AEDAB7C2C448AF700485003 /* App */,
				8AEDAB722C3F436A00485003 /* Assets.xcassets */,
				8AEDAB742C3F436A00485003 /* Preview Content */,
			);
			path = Fructus;
			sourceTree = "<group>";
		};
		8AEDAB742C3F436A00485003 /* Preview Content */ = {
			isa = PBXGroup;
			children = (
				8AEDAB752C3F436A00485003 /* Preview Assets.xcassets */,
			);
			path = "Preview Content";
			sourceTree = "<group>";
		};
		8AEDAB7C2C448AF700485003 /* App */ = {
			isa = PBXGroup;
			children = (
				8AEDAB6E2C3F436700485003 /* FructusApp.swift */,
				8AEDAB702C3F436700485003 /* ContentView.swift */,
				8AEDAB822C45DA2E00485003 /* OnboardingView.swift */,
			);
			path = App;
			sourceTree = "<group>";
		};
		8AEDAB7D2C45283B00485003 /* View */ = {
			isa = PBXGroup;
			children = (
				8AEDAB7E2C45286C00485003 /* FruitCardView.swift */,
				8AEDAB802C45D61E00485003 /* StartButtonView.swift */,
				8AEDAB8A2C4DC26800485003 /* FruitRowView.swift */,
				8AEDAB8C2C4F11CA00485003 /* FruitDetailView.swift */,
				8AEDAB8E2C4F158500485003 /* FruitHeaderView.swift */,
				8ADD4CF62C50683900ADE74E /* SouceLinkView.swift */,
			);
			path = View;
			sourceTree = "<group>";
		};
		8AEDAB842C45DC0D00485003 /* Model */ = {
			isa = PBXGroup;
			children = (
				8AEDAB852C45DC2800485003 /* FruitModel.swift */,
			);
			path = Model;
			sourceTree = "<group>";
		};
		8AEDAB872C47D84400485003 /* Data */ = {
			isa = PBXGroup;
			children = (
				8AEDAB882C47D85900485003 /* FruitData.swift */,
			);
			path = Data;
			sourceTree = "<group>";
		};
/* End PBXGroup section */

/* Begin PBXNativeTarget section */
		8AEDAB6A2C3F436700485003 /* Fructus */ = {
			isa = PBXNativeTarget;
			buildConfigurationList = 8AEDAB792C3F436A00485003 /* Build configuration list for PBXNativeTarget "Fructus" */;
			buildPhases = (
				8AEDAB672C3F436700485003 /* Sources */,
				8AEDAB682C3F436700485003 /* Frameworks */,
				8AEDAB692C3F436700485003 /* Resources */,
			);
			buildRules = (
			);
			dependencies = (
			);
			name = Fructus;
			productName = Fructus;
			productReference = 8AEDAB6B2C3F436700485003 /* Fructus.app */;
			productType = "com.apple.product-type.application";
		};
/* End PBXNativeTarget section */

/* Begin PBXProject section */
		8AEDAB632C3F436700485003 /* Project object */ = {
			isa = PBXProject;
			attributes = {
				BuildIndependentTargetsInParallel = 1;
				LastSwiftUpdateCheck = 1500;
				LastUpgradeCheck = 1500;
				TargetAttributes = {
					8AEDAB6A2C3F436700485003 = {
						CreatedOnToolsVersion = 15.0.1;
					};
				};
			};
			buildConfigurationList = 8AEDAB662C3F436700485003 /* Build configuration list for PBXProject "Fructus" */;
			compatibilityVersion = "Xcode 14.0";
			developmentRegion = en;
			hasScannedForEncodings = 0;
			knownRegions = (
				en,
				Base,
			);
			mainGroup = 8AEDAB622C3F436700485003;
			productRefGroup = 8AEDAB6C2C3F436700485003 /* Products */;
			projectDirPath = "";
			projectRoot = "";
			targets = (
				8AEDAB6A2C3F436700485003 /* Fructus */,
			);
		};
/* End PBXProject section */

/* Begin PBXResourcesBuildPhase section */
		8AEDAB692C3F436700485003 /* Resources */ = {
			isa = PBXResourcesBuildPhase;
			buildActionMask = 2147483647;
			files = (
				8AEDAB762C3F436A00485003 /* Preview Assets.xcassets in Resources */,
				8AEDAB732C3F436A00485003 /* Assets.xcassets in Resources */,
			);
			runOnlyForDeploymentPostprocessing = 0;
		};
/* End PBXResourcesBuildPhase section */

/* Begin PBXSourcesBuildPhase section */
		8AEDAB672C3F436700485003 /* Sources */ = {
			isa = PBXSourcesBuildPhase;
			buildActionMask = 2147483647;
			files = (
				8AEDAB892C47D85900485003 /* FruitData.swift in Sources */,
				8AEDAB7F2C45286D00485003 /* FruitCardView.swift in Sources */,
				8AEDAB8B2C4DC26800485003 /* FruitRowView.swift in Sources */,
				8ADD4CF72C50683900ADE74E /* SouceLinkView.swift in Sources */,
				8AEDAB812C45D61E00485003 /* StartButtonView.swift in Sources */,
				8AEDAB8D2C4F11CA00485003 /* FruitDetailView.swift in Sources */,
				8AEDAB712C3F436700485003 /* ContentView.swift in Sources */,
				8AEDAB8F2C4F158500485003 /* FruitHeaderView.swift in Sources */,
				8AEDAB832C45DA2E00485003 /* OnboardingView.swift in Sources */,
				8AEDAB862C45DC2800485003 /* FruitModel.swift in Sources */,
				8AEDAB6F2C3F436700485003 /* FructusApp.swift in Sources */,
			);
			runOnlyForDeploymentPostprocessing = 0;
		};
/* End PBXSourcesBuildPhase section */

/* Begin XCBuildConfiguration section */
		8AEDAB772C3F436A00485003 /* Debug */ = {
			isa = XCBuildConfiguration;
			buildSettings = {
				ALWAYS_SEARCH_USER_PATHS = NO;
				ASSETCATALOG_COMPILER_GENERATE_SWIFT_ASSET_SYMBOL_EXTENSIONS = YES;
				CLANG_ANALYZER_NONNULL = YES;
				CLANG_ANALYZER_NUMBER_OBJECT_CONVERSION = YES_AGGRESSIVE;
				CLANG_CXX_LANGUAGE_STANDARD = "gnu++20";
				CLANG_ENABLE_MODULES = YES;
				CLANG_ENABLE_OBJC_ARC = YES;
				CLANG_ENABLE_OBJC_WEAK = YES;
				CLANG_WARN_BLOCK_CAPTURE_AUTORELEASING = YES;
				CLANG_WARN_BOOL_CONVERSION = YES;
				CLANG_WARN_COMMA = YES;
				CLANG_WARN_CONSTANT_CONVERSION = YES;
				CLANG_WARN_DEPRECATED_OBJC_IMPLEMENTATIONS = YES;
				CLANG_WARN_DIRECT_OBJC_ISA_USAGE = YES_ERROR;
				CLANG_WARN_DOCUMENTATION_COMMENTS = YES;
				CLANG_WARN_EMPTY_BODY = YES;
				CLANG_WARN_ENUM_CONVERSION = YES;
				CLANG_WARN_INFINITE_RECURSION = YES;
				CLANG_WARN_INT_CONVERSION = YES;
				CLANG_WARN_NON_LITERAL_NULL_CONVERSION = YES;
				CLANG_WARN_OBJC_IMPLICIT_RETAIN_SELF = YES;
				CLANG_WARN_OBJC_LITERAL_CONVERSION = YES;
				CLANG_WARN_OBJC_ROOT_CLASS = YES_ERROR;
				CLANG_WARN_QUOTED_INCLUDE_IN_FRAMEWORK_HEADER = YES;
				CLANG_WARN_RANGE_LOOP_ANALYSIS = YES;
				CLANG_WARN_STRICT_PROTOTYPES = YES;
				CLANG_WARN_SUSPICIOUS_MOVE = YES;
				CLANG_WARN_UNGUARDED_AVAILABILITY = YES_AGGRESSIVE;
				CLANG_WARN_UNREACHABLE_CODE = YES;
				CLANG_WARN__DUPLICATE_METHOD_MATCH = YES;
				COPY_PHASE_STRIP = NO;
				DEBUG_INFORMATION_FORMAT = dwarf;
				ENABLE_STRICT_OBJC_MSGSEND = YES;
				ENABLE_TESTABILITY = YES;
				ENABLE_USER_SCRIPT_SANDBOXING = YES;
				GCC_C_LANGUAGE_STANDARD = gnu17;
				GCC_DYNAMIC_NO_PIC = NO;
				GCC_NO_COMMON_BLOCKS = YES;
				GCC_OPTIMIZATION_LEVEL = 0;
				GCC_PREPROCESSOR_DEFINITIONS = (
					"DEBUG=1",
					"$(inherited)",
				);
				GCC_WARN_64_TO_32_BIT_CONVERSION = YES;
				GCC_WARN_ABOUT_RETURN_TYPE = YES_ERROR;
				GCC_WARN_UNDECLARED_SELECTOR = YES;
				GCC_WARN_UNINITIALIZED_AUTOS = YES_AGGRESSIVE;
				GCC_WARN_UNUSED_FUNCTION = YES;
				GCC_WARN_UNUSED_VARIABLE = YES;
				IPHONEOS_DEPLOYMENT_TARGET = 17.0;
				LOCALIZATION_PREFERS_STRING_CATALOGS = YES;
				MTL_ENABLE_DEBUG_INFO = INCLUDE_SOURCE;
				MTL_FAST_MATH = YES;
				ONLY_ACTIVE_ARCH = YES;
				SDKROOT = iphoneos;
				SWIFT_ACTIVE_COMPILATION_CONDITIONS = "DEBUG $(inherited)";
				SWIFT_OPTIMIZATION_LEVEL = "-Onone";
			};
			name = Debug;
		};
		8AEDAB782C3F436A00485003 /* Release */ = {
			isa = XCBuildConfiguration;
			buildSettings = {
				ALWAYS_SEARCH_USER_PATHS = NO;
				ASSETCATALOG_COMPILER_GENERATE_SWIFT_ASSET_SYMBOL_EXTENSIONS = YES;
				CLANG_ANALYZER_NONNULL = YES;
				CLANG_ANALYZER_NUMBER_OBJECT_CONVERSION = YES_AGGRESSIVE;
				CLANG_CXX_LANGUAGE_STANDARD = "gnu++20";
				CLANG_ENABLE_MODULES = YES;
				CLANG_ENABLE_OBJC_ARC = YES;
				CLANG_ENABLE_OBJC_WEAK = YES;
				CLANG_WARN_BLOCK_CAPTURE_AUTORELEASING = YES;
				CLANG_WARN_BOOL_CONVERSION = YES;
				CLANG_WARN_COMMA = YES;
				CLANG_WARN_CONSTANT_CONVERSION = YES;
				CLANG_WARN_DEPRECATED_OBJC_IMPLEMENTATIONS = YES;
				CLANG_WARN_DIRECT_OBJC_ISA_USAGE = YES_ERROR;
				CLANG_WARN_DOCUMENTATION_COMMENTS = YES;
				CLANG_WARN_EMPTY_BODY = YES;
				CLANG_WARN_ENUM_CONVERSION = YES;
				CLANG_WARN_INFINITE_RECURSION = YES;
				CLANG_WARN_INT_CONVERSION = YES;
				CLANG_WARN_NON_LITERAL_NULL_CONVERSION = YES;
				CLANG_WARN_OBJC_IMPLICIT_RETAIN_SELF = YES;
				CLANG_WARN_OBJC_LITERAL_CONVERSION = YES;
				CLANG_WARN_OBJC_ROOT_CLASS = YES_ERROR;
				CLANG_WARN_QUOTED_INCLUDE_IN_FRAMEWORK_HEADER = YES;
				CLANG_WARN_RANGE_LOOP_ANALYSIS = YES;
				CLANG_WARN_STRICT_PROTOTYPES = YES;
				CLANG_WARN_SUSPICIOUS_MOVE = YES;
				CLANG_WARN_UNGUARDED_AVAILABILITY = YES_AGGRESSIVE;
				CLANG_WARN_UNREACHABLE_CODE = YES;
				CLANG_WARN__DUPLICATE_METHOD_MATCH = YES;
				COPY_PHASE_STRIP = NO;
				DEBUG_INFORMATION_FORMAT = "dwarf-with-dsym";
				ENABLE_NS_ASSERTIONS = NO;
				ENABLE_STRICT_OBJC_MSGSEND = YES;
				ENABLE_USER_SCRIPT_SANDBOXING = YES;
				GCC_C_LANGUAGE_STANDARD = gnu17;
				GCC_NO_COMMON_BLOCKS = YES;
				GCC_WARN_64_TO_32_BIT_CONVERSION = YES;
				GCC_WARN_ABOUT_RETURN_TYPE = YES_ERROR;
				GCC_WARN_UNDECLARED_SELECTOR = YES;
				GCC_WARN_UNINITIALIZED_AUTOS = YES_AGGRESSIVE;
				GCC_WARN_UNUSED_FUNCTION = YES;
				GCC_WARN_UNUSED_VARIABLE = YES;
				IPHONEOS_DEPLOYMENT_TARGET = 17.0;
				LOCALIZATION_PREFERS_STRING_CATALOGS = YES;
				MTL_ENABLE_DEBUG_INFO = NO;
				MTL_FAST_MATH = YES;
				SDKROOT = iphoneos;
				SWIFT_COMPILATION_MODE = wholemodule;
				VALIDATE_PRODUCT = YES;
			};
			name = Release;
		};
		8AEDAB7A2C3F436A00485003 /* Debug */ = {
			isa = XCBuildConfiguration;
			buildSettings = {
				ASSETCATALOG_COMPILER_APPICON_NAME = AppIcon;
				ASSETCATALOG_COMPILER_GLOBAL_ACCENT_COLOR_NAME = AccentColor;
				CODE_SIGN_STYLE = Automatic;
				CURRENT_PROJECT_VERSION = 1;
				DEVELOPMENT_ASSET_PATHS = "\"Fructus/Preview Content\"";
				DEVELOPMENT_TEAM = 827H72CABH;
				ENABLE_PREVIEWS = YES;
				GENERATE_INFOPLIST_FILE = YES;
				INFOPLIST_KEY_UIApplicationSceneManifest_Generation = YES;
				INFOPLIST_KEY_UIApplicationSupportsIndirectInputEvents = YES;
				INFOPLIST_KEY_UILaunchScreen_Generation = YES;
				INFOPLIST_KEY_UISupportedInterfaceOrientations = UIInterfaceOrientationPortrait;
				INFOPLIST_KEY_UISupportedInterfaceOrientations_iPad = "UIInterfaceOrientationLandscapeLeft UIInterfaceOrientationLandscapeRight UIInterfaceOrientationPortrait UIInterfaceOrientationPortraitUpsideDown";
				LD_RUNPATH_SEARCH_PATHS = (
					"$(inherited)",
					"@executable_path/Frameworks",
				);
				MARKETING_VERSION = 1.0;
				PRODUCT_BUNDLE_IDENTIFIER = com.koichi.Fructus;
				PRODUCT_NAME = "$(TARGET_NAME)";
				SWIFT_EMIT_LOC_STRINGS = YES;
				SWIFT_VERSION = 5.0;
				TARGETED_DEVICE_FAMILY = "1,2";
			};
			name = Debug;
		};
		8AEDAB7B2C3F436A00485003 /* Release */ = {
			isa = XCBuildConfiguration;
			buildSettings = {
				ASSETCATALOG_COMPILER_APPICON_NAME = AppIcon;
				ASSETCATALOG_COMPILER_GLOBAL_ACCENT_COLOR_NAME = AccentColor;
				CODE_SIGN_STYLE = Automatic;
				CURRENT_PROJECT_VERSION = 1;
				DEVELOPMENT_ASSET_PATHS = "\"Fructus/Preview Content\"";
				DEVELOPMENT_TEAM = 827H72CABH;
				ENABLE_PREVIEWS = YES;
				GENERATE_INFOPLIST_FILE = YES;
				INFOPLIST_KEY_UIApplicationSceneManifest_Generation = YES;
				INFOPLIST_KEY_UIApplicationSupportsIndirectInputEvents = YES;
				INFOPLIST_KEY_UILaunchScreen_Generation = YES;
				INFOPLIST_KEY_UISupportedInterfaceOrientations = UIInterfaceOrientationPortrait;
				INFOPLIST_KEY_UISupportedInterfaceOrientations_iPad = "UIInterfaceOrientationLandscapeLeft UIInterfaceOrientationLandscapeRight UIInterfaceOrientationPortrait UIInterfaceOrientationPortraitUpsideDown";
				LD_RUNPATH_SEARCH_PATHS = (
					"$(inherited)",
					"@executable_path/Frameworks",
				);
				MARKETING_VERSION = 1.0;
				PRODUCT_BUNDLE_IDENTIFIER = com.koichi.Fructus;
				PRODUCT_NAME = "$(TARGET_NAME)";
				SWIFT_EMIT_LOC_STRINGS = YES;
				SWIFT_VERSION = 5.0;
				TARGETED_DEVICE_FAMILY = "1,2";
			};
			name = Release;
		};
/* End XCBuildConfiguration section */

/* Begin XCConfigurationList section */
		8AEDAB662C3F436700485003 /* Build configuration list for PBXProject "Fructus" */ = {
			isa = XCConfigurationList;
			buildConfigurations = (
				8AEDAB772C3F436A00485003 /* Debug */,
				8AEDAB782C3F436A00485003 /* Release */,
			);
			defaultConfigurationIsVisible = 0;
			defaultConfigurationName = Release;
		};
		8AEDAB792C3F436A00485003 /* Build configuration list for PBXNativeTarget "Fructus" */ = {
			isa = XCConfigurationList;
			buildConfigurations = (
				8AEDAB7A2C3F436A00485003 /* Debug */,
				8AEDAB7B2C3F436A00485003 /* Release */,
			);
			defaultConfigurationIsVisible = 0;
			defaultConfigurationName = Release;
		};
/* End XCConfigurationList section */
	};
	rootObject = 8AEDAB632C3F436700485003 /* Project object */;
}
